{
  "name": "yoki-plugin-math",
  "version": "1.0.0",
  "lockfileVersion": 3,
  "requires": true,
  "packages": {
    "": {
      "name": "yoki-plugin-math",
      "version": "1.0.0",
      "dependencies": {
        "@yoki/plugin-sdk": "file:../yoki-plugin-sdk"
      }
    },
    "../yoki-plugin-sdk": {
      "name": "@yoki/plugin-sdk",
      "version": "1.0.0",
      "license": "MIT",
      "devDependencies": {
        "@types/node": "^25.5.2",
        "typescript": "^5.0.0"
      },
      "engines": {
        "node": ">=14"
      }
    },
    "node_modules/@yoki/plugin-sdk": {
      "resolved": "../yoki-plugin-sdk",
      "link": true
    }
  }
}
